
Microsoft Visual Studio Solution File, Format Version 12.00
# Visual Studio 15
VisualStudioVersion = 15.0.28010.2036
MinimumVisualStudioVersion = 10.0.40219.1
Project("{FAE04EC0-301F-11D3-BF4B-00C04F79EFBC}") = "AvnDataService", "AvnDataService\AvnDataService.csproj", "{0A1BE855-7EDD-45B7-B6DD-967C1899B23F}"
EndProject
Project("{FAE04EC0-301F-11D3-BF4B-00C04F79EFBC}") = "AvnDataHost", "AvnDataHost\AvnDataHost.csproj", "{A48F939A-D006-4B4E-9AE5-6B383E957132}"
EndProject
Global
	GlobalSection(SolutionConfigurationPlatforms) = preSolution
		Debug|Any CPU = Debug|Any CPU
		Release|Any CPU = Release|Any CPU
	EndGlobalSection
	GlobalSection(ProjectConfigurationPlatforms) = postSolution
		{0A1BE855-7EDD-45B7-B6DD-967C1899B23F}.Debug|Any CPU.ActiveCfg = Debug|Any CPU
		{0A1BE855-7EDD-45B7-B6DD-967C1899B23F}.Debug|Any CPU.Build.0 = Debug|Any CPU
		{0A1BE855-7EDD-45B7-B6DD-967C1899B23F}.Release|Any CPU.ActiveCfg = Release|Any CPU
		{0A1BE855-7EDD-45B7-B6DD-967C1899B23F}.Release|Any CPU.Build.0 = Release|Any CPU
		{A48F939A-D006-4B4E-9AE5-6B383E957132}.Debug|Any CPU.ActiveCfg = Debug|Any CPU
		{A48F939A-D006-4B4E-9AE5-6B383E957132}.Debug|Any CPU.Build.0 = Debug|Any CPU
		{A48F939A-D006-4B4E-9AE5-6B383E957132}.Release|Any CPU.ActiveCfg = Release|Any CPU
		{A48F939A-D006-4B4E-9AE5-6B383E957132}.Release|Any CPU.Build.0 = Release|Any CPU
	EndGlobalSection
	GlobalSection(SolutionProperties) = preSolution
		HideSolutionNode = FALSE
	EndGlobalSection
	GlobalSection(ExtensibilityGlobals) = postSolution
		SolutionGuid = {14E3F4A6-329D-462E-A43F-4AEF45A17175}
	EndGlobalSection
EndGlobal
